
Microsoft Visual Studio Solution File, Format Version 12.00
# Visual Studio Version 17
VisualStudioVersion = 17.5.002.0
MinimumVisualStudioVersion = 10.0.40219.1
Project("{9A19103F-16F7-4668-BE54-9A1E7A4F7556}") = "InkHouse", "InkHouse.csproj", "{A13C28BA-480C-45CC-A474-DCBF0FBDC712}"
EndProject
Global
	GlobalSection(SolutionConfigurationPlatforms) = preSolution
		Debug|Any CPU = Debug|Any CPU
		Release|Any CPU = Release|Any CPU
	EndGlobalSection
	GlobalSection(ProjectConfigurationPlatforms) = postSolution
		{A13C28BA-480C-45CC-A474-DCBF0FBDC712}.Debug|Any CPU.ActiveCfg = Debug|Any CPU
		{A13C28BA-480C-45CC-A474-DCBF0FBDC712}.Debug|Any CPU.Build.0 = Debug|Any CPU
		{A13C28BA-480C-45CC-A474-DCBF0FBDC712}.Release|Any CPU.ActiveCfg = Release|Any CPU
		{A13C28BA-480C-45CC-A474-DCBF0FBDC712}.Release|Any CPU.Build.0 = Release|Any CPU
	EndGlobalSection
	GlobalSection(SolutionProperties) = preSolution
		HideSolutionNode = FALSE
	EndGlobalSection
	GlobalSection(ExtensibilityGlobals) = postSolution
		SolutionGuid = {55283431-21AA-46D5-9687-05EECC01045C}
	EndGlobalSection
EndGlobal
