
Microsoft Visual Studio Solution File, Format Version 12.00
# Visual Studio Version 17
VisualStudioVersion = 17.4.33122.133
MinimumVisualStudioVersion = 10.0.40219.1
Project("{FAE04EC0-301F-11D3-BF4B-00C04F79EFBC}") = "BlogAPP", "BlogAPP\BlogAPP.csproj", "{1A42228F-8F97-43F1-862C-38FC93277680}"
EndProject
Global
	GlobalSection(SolutionConfigurationPlatforms) = preSolution
		Debug|Any CPU = Debug|Any CPU
		Release|Any CPU = Release|Any CPU
	EndGlobalSection
	GlobalSection(ProjectConfigurationPlatforms) = postSolution
		{1A42228F-8F97-43F1-862C-38FC93277680}.Debug|Any CPU.ActiveCfg = Debug|Any CPU
		{1A42228F-8F97-43F1-862C-38FC93277680}.Debug|Any CPU.Build.0 = Debug|Any CPU
		{1A42228F-8F97-43F1-862C-38FC93277680}.Release|Any CPU.ActiveCfg = Release|Any CPU
		{1A42228F-8F97-43F1-862C-38FC93277680}.Release|Any CPU.Build.0 = Release|Any CPU
	EndGlobalSection
	GlobalSection(SolutionProperties) = preSolution
		HideSolutionNode = FALSE
	EndGlobalSection
	GlobalSection(ExtensibilityGlobals) = postSolution
		SolutionGuid = {EE91CB77-FAE3-43F4-9A42-1A14D99B03AB}
	EndGlobalSection
EndGlobal
